
Microsoft Visual Studio Solution File, Format Version 12.00
# Visual Studio Version 17
VisualStudioVersion = 17.8.34525.116
MinimumVisualStudioVersion = 10.0.40219.1
Project("{8BC9CEB8-8B4A-11D0-8D11-00A0C91BC942}") = "ServerNP", "ServerNP\ServerNP.vcxproj", "{E48C3716-3904-46FD-9FC9-75205539C924}"
EndProject
Project("{8BC9CEB8-8B4A-11D0-8D11-00A0C91BC942}") = "ClientNP", "ClientNP\ClientNP.vcxproj", "{18D52D72-1FBB-47F4-8E98-1F0E2562A2A0}"
EndProject
Project("{8BC9CEB8-8B4A-11D0-8D11-00A0C91BC942}") = "ClientNPt", "ClientNPt\ClientNPt.vcxproj", "{F780C0FE-5BA0-4F18-9A08-91DD77AB0351}"
EndProject
Project("{8BC9CEB8-8B4A-11D0-8D11-00A0C91BC942}") = "ClientNPct", "ClientNPct\ClientNPct.vcxproj", "{A7A4FF50-A9A6-4AF9-84D6-C7020513A5BB}"
EndProject
Global
	GlobalSection(SolutionConfigurationPlatforms) = preSolution
		Debug|x64 = Debug|x64
		Debug|x86 = Debug|x86
		Release|x64 = Release|x64
		Release|x86 = Release|x86
	EndGlobalSection
	GlobalSection(ProjectConfigurationPlatforms) = postSolution
		{E48C3716-3904-46FD-9FC9-75205539C924}.Debug|x64.ActiveCfg = Debug|x64
		{E48C3716-3904-46FD-9FC9-75205539C924}.Debug|x64.Build.0 = Debug|x64
		{E48C3716-3904-46FD-9FC9-75205539C924}.Debug|x86.ActiveCfg = Debug|Win32
		{E48C3716-3904-46FD-9FC9-75205539C924}.Debug|x86.Build.0 = Debug|Win32
		{E48C3716-3904-46FD-9FC9-75205539C924}.Release|x64.ActiveCfg = Release|x64
		{E48C3716-3904-46FD-9FC9-75205539C924}.Release|x64.Build.0 = Release|x64
		{E48C3716-3904-46FD-9FC9-75205539C924}.Release|x86.ActiveCfg = Release|Win32
		{E48C3716-3904-46FD-9FC9-75205539C924}.Release|x86.Build.0 = Release|Win32
		{18D52D72-1FBB-47F4-8E98-1F0E2562A2A0}.Debug|x64.ActiveCfg = Debug|x64
		{18D52D72-1FBB-47F4-8E98-1F0E2562A2A0}.Debug|x64.Build.0 = Debug|x64
		{18D52D72-1FBB-47F4-8E98-1F0E2562A2A0}.Debug|x86.ActiveCfg = Debug|Win32
		{18D52D72-1FBB-47F4-8E98-1F0E2562A2A0}.Debug|x86.Build.0 = Debug|Win32
		{18D52D72-1FBB-47F4-8E98-1F0E2562A2A0}.Release|x64.ActiveCfg = Release|x64
		{18D52D72-1FBB-47F4-8E98-1F0E2562A2A0}.Release|x64.Build.0 = Release|x64
		{18D52D72-1FBB-47F4-8E98-1F0E2562A2A0}.Release|x86.ActiveCfg = Release|Win32
		{18D52D72-1FBB-47F4-8E98-1F0E2562A2A0}.Release|x86.Build.0 = Release|Win32
		{F780C0FE-5BA0-4F18-9A08-91DD77AB0351}.Debug|x64.ActiveCfg = Debug|x64
		{F780C0FE-5BA0-4F18-9A08-91DD77AB0351}.Debug|x64.Build.0 = Debug|x64
		{F780C0FE-5BA0-4F18-9A08-91DD77AB0351}.Debug|x86.ActiveCfg = Debug|Win32
		{F780C0FE-5BA0-4F18-9A08-91DD77AB0351}.Debug|x86.Build.0 = Debug|Win32
		{F780C0FE-5BA0-4F18-9A08-91DD77AB0351}.Release|x64.ActiveCfg = Release|x64
		{F780C0FE-5BA0-4F18-9A08-91DD77AB0351}.Release|x64.Build.0 = Release|x64
		{F780C0FE-5BA0-4F18-9A08-91DD77AB0351}.Release|x86.ActiveCfg = Release|Win32
		{F780C0FE-5BA0-4F18-9A08-91DD77AB0351}.Release|x86.Build.0 = Release|Win32
		{A7A4FF50-A9A6-4AF9-84D6-C7020513A5BB}.Debug|x64.ActiveCfg = Debug|x64
		{A7A4FF50-A9A6-4AF9-84D6-C7020513A5BB}.Debug|x64.Build.0 = Debug|x64
		{A7A4FF50-A9A6-4AF9-84D6-C7020513A5BB}.Debug|x86.ActiveCfg = Debug|Win32
		{A7A4FF50-A9A6-4AF9-84D6-C7020513A5BB}.Debug|x86.Build.0 = Debug|Win32
		{A7A4FF50-A9A6-4AF9-84D6-C7020513A5BB}.Release|x64.ActiveCfg = Release|x64
		{A7A4FF50-A9A6-4AF9-84D6-C7020513A5BB}.Release|x64.Build.0 = Release|x64
		{A7A4FF50-A9A6-4AF9-84D6-C7020513A5BB}.Release|x86.ActiveCfg = Release|Win32
		{A7A4FF50-A9A6-4AF9-84D6-C7020513A5BB}.Release|x86.Build.0 = Release|Win32
	EndGlobalSection
	GlobalSection(SolutionProperties) = preSolution
		HideSolutionNode = FALSE
	EndGlobalSection
	GlobalSection(ExtensibilityGlobals) = postSolution
		SolutionGuid = {B5A559BC-DC79-428E-856D-0F3059AB7DF3}
	EndGlobalSection
EndGlobal
